
Microsoft Visual Studio Solution File, Format Version 12.00
# Visual Studio 15
VisualStudioVersion = 15.0.28307.757
MinimumVisualStudioVersion = 10.0.40219.1
Project("{FAE04EC0-301F-11D3-BF4B-00C04F79EFBC}") = "VirtualGit", "VirtualGit\VirtualGit.csproj", "{A1A691B1-0B1C-4472-8075-8D9412C5D6F8}"
EndProject
Global
	GlobalSection(SolutionConfigurationPlatforms) = preSolution
		Debug|Any CPU = Debug|Any CPU
		Release|Any CPU = Release|Any CPU
	EndGlobalSection
	GlobalSection(ProjectConfigurationPlatforms) = postSolution
		{A1A691B1-0B1C-4472-8075-8D9412C5D6F8}.Debug|Any CPU.ActiveCfg = Debug|Any CPU
		{A1A691B1-0B1C-4472-8075-8D9412C5D6F8}.Debug|Any CPU.Build.0 = Debug|Any CPU
		{A1A691B1-0B1C-4472-8075-8D9412C5D6F8}.Release|Any CPU.ActiveCfg = Release|Any CPU
		{A1A691B1-0B1C-4472-8075-8D9412C5D6F8}.Release|Any CPU.Build.0 = Release|Any CPU
	EndGlobalSection
	GlobalSection(SolutionProperties) = preSolution
		HideSolutionNode = FALSE
	EndGlobalSection
	GlobalSection(ExtensibilityGlobals) = postSolution
		SolutionGuid = {F26A6655-7545-4D4E-BDE1-D65DF5D2D678}
	EndGlobalSection
EndGlobal
